
Microsoft Visual Studio Solution File, Format Version 12.00
# Visual Studio Version 17
VisualStudioVersion = 17.10.35013.160
MinimumVisualStudioVersion = 10.0.40219.1
Project("{FAE04EC0-301F-11D3-BF4B-00C04F79EFBC}") = "SCS", "SCS\SCS.csproj", "{460E6C7A-59F8-47A2-9222-0F120826CFC0}"
EndProject
Global
	GlobalSection(SolutionConfigurationPlatforms) = preSolution
		Debug|Any CPU = Debug|Any CPU
		Release|Any CPU = Release|Any CPU
	EndGlobalSection
	GlobalSection(ProjectConfigurationPlatforms) = postSolution
		{460E6C7A-59F8-47A2-9222-0F120826CFC0}.Debug|Any CPU.ActiveCfg = Debug|Any CPU
		{460E6C7A-59F8-47A2-9222-0F120826CFC0}.Debug|Any CPU.Build.0 = Debug|Any CPU
		{460E6C7A-59F8-47A2-9222-0F120826CFC0}.Release|Any CPU.ActiveCfg = Release|Any CPU
		{460E6C7A-59F8-47A2-9222-0F120826CFC0}.Release|Any CPU.Build.0 = Release|Any CPU
	EndGlobalSection
	GlobalSection(SolutionProperties) = preSolution
		HideSolutionNode = FALSE
	EndGlobalSection
	GlobalSection(ExtensibilityGlobals) = postSolution
		SolutionGuid = {D5232CE2-9840-4C17-97E1-C5E449EB9D9F}
	EndGlobalSection
EndGlobal
